
Microsoft Visual Studio Solution File, Format Version 12.00
# Visual Studio Version 17
VisualStudioVersion = 17.0.32014.148
MinimumVisualStudioVersion = 10.0.40219.1
Project("{FAE04EC0-301F-11D3-BF4B-00C04F79EFBC}") = "MACTrackBarNet6", "MACTrackBarNet6\MACTrackBarNet6.csproj", "{B1C7EB65-6F60-4672-A2F2-14A89D437F73}"
EndProject
Global
	GlobalSection(SolutionConfigurationPlatforms) = preSolution
		Debug|Any CPU = Debug|Any CPU
		Debug|x64 = Debug|x64
		Debug|x86 = Debug|x86
		Release|Any CPU = Release|Any CPU
		Release|x64 = Release|x64
		Release|x86 = Release|x86
	EndGlobalSection
	GlobalSection(ProjectConfigurationPlatforms) = postSolution
		{B1C7EB65-6F60-4672-A2F2-14A89D437F73}.Debug|Any CPU.ActiveCfg = Debug|Any CPU
		{B1C7EB65-6F60-4672-A2F2-14A89D437F73}.Debug|Any CPU.Build.0 = Debug|Any CPU
		{B1C7EB65-6F60-4672-A2F2-14A89D437F73}.Debug|x64.ActiveCfg = Debug|x64
		{B1C7EB65-6F60-4672-A2F2-14A89D437F73}.Debug|x64.Build.0 = Debug|x64
		{B1C7EB65-6F60-4672-A2F2-14A89D437F73}.Debug|x86.ActiveCfg = Debug|x86
		{B1C7EB65-6F60-4672-A2F2-14A89D437F73}.Debug|x86.Build.0 = Debug|x86
		{B1C7EB65-6F60-4672-A2F2-14A89D437F73}.Release|Any CPU.ActiveCfg = Release|Any CPU
		{B1C7EB65-6F60-4672-A2F2-14A89D437F73}.Release|Any CPU.Build.0 = Release|Any CPU
		{B1C7EB65-6F60-4672-A2F2-14A89D437F73}.Release|x64.ActiveCfg = Release|x64
		{B1C7EB65-6F60-4672-A2F2-14A89D437F73}.Release|x64.Build.0 = Release|x64
		{B1C7EB65-6F60-4672-A2F2-14A89D437F73}.Release|x86.ActiveCfg = Release|x86
		{B1C7EB65-6F60-4672-A2F2-14A89D437F73}.Release|x86.Build.0 = Release|x86
	EndGlobalSection
	GlobalSection(SolutionProperties) = preSolution
		HideSolutionNode = FALSE
	EndGlobalSection
	GlobalSection(ExtensibilityGlobals) = postSolution
		SolutionGuid = {459A6852-A309-4398-B79D-50541A960E0E}
	EndGlobalSection
EndGlobal
